// !$*UTF8*$!
{
	archiveVersion = 1;
	classes = {
	};
	objectVersion = 50;
	objects = {

/* Begin PBXBuildFile section */
		976B72D6241A026F00747584 /* AppDelegate.swift in Sources */ = {isa = PBXBuildFile; fileRef = 976B72D5241A026F00747584 /* AppDelegate.swift */; };
		976B72D8241A026F00747584 /* SceneDelegate.swift in Sources */ = {isa = PBXBuildFile; fileRef = 976B72D7241A026F00747584 /* SceneDelegate.swift */; };
		976B72DA241A026F00747584 /* ViewController.swift in Sources */ = {isa = PBXBuildFile; fileRef = 976B72D9241A026F00747584 /* ViewController.swift */; };
		976B72DD241A026F00747584 /* Main.storyboard in Resources */ = {isa = PBXBuildFile; fileRef = 976B72DB241A026F00747584 /* Main.storyboard */; };
		976B72DF241A027100747584 /* Assets.xcassets in Resources */ = {isa = PBXBuildFile; fileRef = 976B72DE241A027100747584 /* Assets.xcassets */; };
		976B72E2241A027100747584 /* LaunchScreen.storyboard in Resources */ = {isa = PBXBuildFile; fileRef = 976B72E0241A027100747584 /* LaunchScreen.storyboard */; };
		976B72EA241F419900747584 /* DetailViewController.swift in Sources */ = {isa = PBXBuildFile; fileRef = 976B72E9241F419900747584 /* DetailViewController.swift */; };
		976B72EC241F742100747584 /* PhotoCell.swift in Sources */ = {isa = PBXBuildFile; fileRef = 976B72EB241F742100747584 /* PhotoCell.swift */; };
/* End PBXBuildFile section */

/* Begin PBXFileReference section */
		976B72D2241A026F00747584 /* PhotosApp.app */ = {isa = PBXFileReference; explicitFileType = wrapper.application; includeInIndex = 0; path = PhotosApp.app; sourceTree = BUILT_PRODUCTS_DIR; };
		976B72D5241A026F00747584 /* AppDelegate.swift */ = {isa = PBXFileReference; lastKnownFileType = sourcecode.swift; path = AppDelegate.swift; sourceTree = "<group>"; };
		976B72D7241A026F00747584 /* SceneDelegate.swift */ = {isa = PBXFileReference; lastKnownFileType = sourcecode.swift; path = SceneDelegate.swift; sourceTree = "<group>"; };
		976B72D9241A026F00747584 /* ViewController.swift */ = {isa = PBXFileReference; lastKnownFileType = sourcecode.swift; path = ViewController.swift; sourceTree = "<group>"; };
		976B72DC241A026F00747584 /* Base */ = {isa = PBXFileReference; lastKnownFileType = file.storyboard; name = Base; path = Base.lproj/Main.storyboard; sourceTree = "<group>"; };
		976B72DE241A027100747584 /* Assets.xcassets */ = {isa = PBXFileReference; lastKnownFileType = folder.assetcatalog; path = Assets.xcassets; sourceTree = "<group>"; };
		976B72E1241A027100747584 /* Base */ = {isa = PBXFileReference; lastKnownFileType = file.storyboard; name = Base; path = Base.lproj/LaunchScreen.storyboard; sourceTree = "<group>"; };
		976B72E3241A027100747584 /* Info.plist */ = {isa = PBXFileReference; lastKnownFileType = text.plist.xml; path = Info.plist; sourceTree = "<group>"; };
		976B72E9241F419900747584 /* DetailViewController.swift */ = {isa = PBXFileReference; lastKnownFileType = sourcecode.swift; path = DetailViewController.swift; sourceTree = "<group>"; };
		976B72EB241F742100747584 /* PhotoCell.swift */ = {isa = PBXFileReference; lastKnownFileType = sourcecode.swift; path = PhotoCell.swift; sourceTree = "<group>"; };
/* End PBXFileReference section */

/* Begin PBXFrameworksBuildPhase section */
		976B72CF241A026F00747584 /* Frameworks */ = {
			isa = PBXFrameworksBuildPhase;
			buildActionMask = 2147483647;
			files = (
			);
			runOnlyForDeploymentPostprocessing = 0;
		};
/* End PBXFrameworksBuildPhase section */

/* Begin PBXGroup section */
		976B72C9241A026F00747584 = {
			isa = PBXGroup;
			children = (
				976B72D4241A026F00747584 /* PhotosApp */,
				976B72D3241A026F00747584 /* Products */,
			);
			sourceTree = "<group>";
		};
		976B72D3241A026F00747584 /* Products */ = {
			isa = PBXGroup;
			children = (
				976B72D2241A026F00747584 /* PhotosApp.app */,
			);
			name = Products;
			sourceTree = "<group>";
		};
		976B72D4241A026F00747584 /* PhotosApp */ = {
			isa = PBXGroup;
			children = (
				976B72D5241A026F00747584 /* AppDelegate.swift */,
				976B72D7241A026F00747584 /* SceneDelegate.swift */,
				976B72D9241A026F00747584 /* ViewController.swift */,
				976B72EB241F742100747584 /* PhotoCell.swift */,
				976B72E9241F419900747584 /* DetailViewController.swift */,
				976B72DB241A026F00747584 /* Main.storyboard */,
				976B72DE241A027100747584 /* Assets.xcassets */,
				976B72E0241A027100747584 /* LaunchScreen.storyboard */,
				976B72E3241A027100747584 /* Info.plist */,
			);
			path = PhotosApp;
			sourceTree = "<group>";
		};
/* End PBXGroup section */

/* Begin PBXNativeTarget section */
		976B72D1241A026F00747584 /* PhotosApp */ = {
			isa = PBXNativeTarget;
			buildConfigurationList = 976B72E6241A027100747584 /* Build configuration list for PBXNativeTarget "PhotosApp" */;
			buildPhases = (
				976B72CE241A026F00747584 /* Sources */,
				976B72CF241A026F00747584 /* Frameworks */,
				976B72D0241A026F00747584 /* Resources */,
			);
			buildRules = (
			);
			dependencies = (
			);
			name = PhotosApp;
			productName = PhotosApp;
			productReference = 976B72D2241A026F00747584 /* PhotosApp.app */;
			productType = "com.apple.product-type.application";
		};
/* End PBXNativeTarget section */

/* Begin PBXProject section */
		976B72CA241A026F00747584 /* Project object */ = {
			isa = PBXProject;
			attributes = {
				LastSwiftUpdateCheck = 1130;
				LastUpgradeCheck = 1130;
				ORGANIZATIONNAME = "Karan Karthic";
				TargetAttributes = {
					976B72D1241A026F00747584 = {
						CreatedOnToolsVersion = 11.3.1;
					};
				};
			};
			buildConfigurationList = 976B72CD241A026F00747584 /* Build configuration list for PBXProject "PhotosApp" */;
			compatibilityVersion = "Xcode 9.3";
			developmentRegion = en;
			hasScannedForEncodings = 0;
			knownRegions = (
				en,
				Base,
			);
			mainGroup = 976B72C9241A026F00747584;
			productRefGroup = 976B72D3241A026F00747584 /* Products */;
			projectDirPath = "";
			projectRoot = "";
			targets = (
				976B72D1241A026F00747584 /* PhotosApp */,
			);
		};
/* End PBXProject section */

/* Begin PBXResourcesBuildPhase section */
		976B72D0241A026F00747584 /* Resources */ = {
			isa = PBXResourcesBuildPhase;
			buildActionMask = 2147483647;
			files = (
				976B72E2241A027100747584 /* LaunchScreen.storyboard in Resources */,
				976B72DF241A027100747584 /* Assets.xcassets in Resources */,
				976B72DD241A026F00747584 /* Main.storyboard in Resources */,
			);
			runOnlyForDeploymentPostprocessing = 0;
		};
/* End PBXResourcesBuildPhase section */

/* Begin PBXSourcesBuildPhase section */
		976B72CE241A026F00747584 /* Sources */ = {
			isa = PBXSourcesBuildPhase;
			buildActionMask = 2147483647;
			files = (
				976B72DA241A026F00747584 /* ViewController.swift in Sources */,
				976B72EC241F742100747584 /* PhotoCell.swift in Sources */,
				976B72D6241A026F00747584 /* AppDelegate.swift in Sources */,
				976B72D8241A026F00747584 /* SceneDelegate.swift in Sources */,
				976B72EA241F419900747584 /* DetailViewController.swift in Sources */,
			);
			runOnlyForDeploymentPostprocessing = 0;
		};
/* End PBXSourcesBuildPhase section */

/* Begin PBXVariantGroup section */
		976B72DB241A026F00747584 /* Main.storyboard */ = {
			isa = PBXVariantGroup;
			children = (
				976B72DC241A026F00747584 /* Base */,
			);
			name = Main.storyboard;
			sourceTree = "<group>";
		};
		976B72E0241A027100747584 /* LaunchScreen.storyboard */ = {
			isa = PBXVariantGroup;
			children = (
				976B72E1241A027100747584 /* Base */,
			);
			name = LaunchScreen.storyboard;
			sourceTree = "<group>";
		};
/* End PBXVariantGroup section */

/* Begin XCBuildConfiguration section */
		976B72E4241A027100747584 /* Debug */ = {
			isa = XCBuildConfiguration;
			buildSettings = {
				ALWAYS_SEARCH_USER_PATHS = NO;
				CLANG_ANALYZER_NONNULL = YES;
				CLANG_ANALYZER_NUMBER_OBJECT_CONVERSION = YES_AGGRESSIVE;
				CLANG_CXX_LANGUAGE_STANDARD = "gnu++14";
				CLANG_CXX_LIBRARY = "libc++";
				CLANG_ENABLE_MODULES = YES;
				CLANG_ENABLE_OBJC_ARC = YES;
				CLANG_ENABLE_OBJC_WEAK = YES;
				CLANG_WARN_BLOCK_CAPTURE_AUTORELEASING = YES;
				CLANG_WARN_BOOL_CONVERSION = YES;
				CLANG_WARN_COMMA = YES;
				CLANG_WARN_CONSTANT_CONVERSION = YES;
				CLANG_WARN_DEPRECATED_OBJC_IMPLEMENTATIONS = YES;
				CLANG_WARN_DIRECT_OBJC_ISA_USAGE = YES_ERROR;
				CLANG_WARN_DOCUMENTATION_COMMENTS = YES;
				CLANG_WARN_EMPTY_BODY = YES;
				CLANG_WARN_ENUM_CONVERSION = YES;
				CLANG_WARN_INFINITE_RECURSION = YES;
				CLANG_WARN_INT_CONVERSION = YES;
				CLANG_WARN_NON_LITERAL_NULL_CONVERSION = YES;
				CLANG_WARN_OBJC_IMPLICIT_RETAIN_SELF = YES;
				CLANG_WARN_OBJC_LITERAL_CONVERSION = YES;
				CLANG_WARN_OBJC_ROOT_CLASS = YES_ERROR;
				CLANG_WARN_RANGE_LOOP_ANALYSIS = YES;
				CLANG_WARN_STRICT_PROTOTYPES = YES;
				CLANG_WARN_SUSPICIOUS_MOVE = YES;
				CLANG_WARN_UNGUARDED_AVAILABILITY = YES_AGGRESSIVE;
				CLANG_WARN_UNREACHABLE_CODE = YES;
				CLANG_WARN__DUPLICATE_METHOD_MATCH = YES;
				COPY_PHASE_STRIP = NO;
				DEBUG_INFORMATION_FORMAT = dwarf;
				ENABLE_STRICT_OBJC_MSGSEND = YES;
				ENABLE_TESTABILITY = YES;
				GCC_C_LANGUAGE_STANDARD = gnu11;
				GCC_DYNAMIC_NO_PIC = NO;
				GCC_NO_COMMON_BLOCKS = YES;
				GCC_OPTIMIZATION_LEVEL = 0;
				GCC_PREPROCESSOR_DEFINITIONS = (
					"DEBUG=1",
					"$(inherited)",
				);
				GCC_WARN_64_TO_32_BIT_CONVERSION = YES;
				GCC_WARN_ABOUT_RETURN_TYPE = YES_ERROR;
				GCC_WARN_UNDECLARED_SELECTOR = YES;
				GCC_WARN_UNINITIALIZED_AUTOS = YES_AGGRESSIVE;
				GCC_WARN_UNUSED_FUNCTION = YES;
				GCC_WARN_UNUSED_VARIABLE = YES;
				IPHONEOS_DEPLOYMENT_TARGET = 13.2;
				MTL_ENABLE_DEBUG_INFO = INCLUDE_SOURCE;
				MTL_FAST_MATH = YES;
				ONLY_ACTIVE_ARCH = YES;
				SDKROOT = iphoneos;
				SWIFT_ACTIVE_COMPILATION_CONDITIONS = DEBUG;
				SWIFT_OPTIMIZATION_LEVEL = "-Onone";
			};
			name = Debug;
		};
		976B72E5241A027100747584 /* Release */ = {
			isa = XCBuildConfiguration;
			buildSettings = {
				ALWAYS_SEARCH_USER_PATHS = NO;
				CLANG_ANALYZER_NONNULL = YES;
				CLANG_ANALYZER_NUMBER_OBJECT_CONVERSION = YES_AGGRESSIVE;
				CLANG_CXX_LANGUAGE_STANDARD = "gnu++14";
				CLANG_CXX_LIBRARY = "libc++";
				CLANG_ENABLE_MODULES = YES;
				CLANG_ENABLE_OBJC_ARC = YES;
				CLANG_ENABLE_OBJC_WEAK = YES;
				CLANG_WARN_BLOCK_CAPTURE_AUTORELEASING = YES;
				CLANG_WARN_BOOL_CONVERSION = YES;
				CLANG_WARN_COMMA = YES;
				CLANG_WARN_CONSTANT_CONVERSION = YES;
				CLANG_WARN_DEPRECATED_OBJC_IMPLEMENTATIONS = YES;
				CLANG_WARN_DIRECT_OBJC_ISA_USAGE = YES_ERROR;
				CLANG_WARN_DOCUMENTATION_COMMENTS = YES;
				CLANG_WARN_EMPTY_BODY = YES;
				CLANG_WARN_ENUM_CONVERSION = YES;
				CLANG_WARN_INFINITE_RECURSION = YES;
				CLANG_WARN_INT_CONVERSION = YES;
				CLANG_WARN_NON_LITERAL_NULL_CONVERSION = YES;
				CLANG_WARN_OBJC_IMPLICIT_RETAIN_SELF = YES;
				CLANG_WARN_OBJC_LITERAL_CONVERSION = YES;
				CLANG_WARN_OBJC_ROOT_CLASS = YES_ERROR;
				CLANG_WARN_RANGE_LOOP_ANALYSIS = YES;
				CLANG_WARN_STRICT_PROTOTYPES = YES;
				CLANG_WARN_SUSPICIOUS_MOVE = YES;
				CLANG_WARN_UNGUARDED_AVAILABILITY = YES_AGGRESSIVE;
				CLANG_WARN_UNREACHABLE_CODE = YES;
				CLANG_WARN__DUPLICATE_METHOD_MATCH = YES;
				COPY_PHASE_STRIP = NO;
				DEBUG_INFORMATION_FORMAT = "dwarf-with-dsym";
				ENABLE_NS_ASSERTIONS = NO;
				ENABLE_STRICT_OBJC_MSGSEND = YES;
				GCC_C_LANGUAGE_STANDARD = gnu11;
				GCC_NO_COMMON_BLOCKS = YES;
				GCC_WARN_64_TO_32_BIT_CONVERSION = YES;
				GCC_WARN_ABOUT_RETURN_TYPE = YES_ERROR;
				GCC_WARN_UNDECLARED_SELECTOR = YES;
				GCC_WARN_UNINITIALIZED_AUTOS = YES_AGGRESSIVE;
				GCC_WARN_UNUSED_FUNCTION = YES;
				GCC_WARN_UNUSED_VARIABLE = YES;
				IPHONEOS_DEPLOYMENT_TARGET = 13.2;
				MTL_ENABLE_DEBUG_INFO = NO;
				MTL_FAST_MATH = YES;
				SDKROOT = iphoneos;
				SWIFT_COMPILATION_MODE = wholemodule;
				SWIFT_OPTIMIZATION_LEVEL = "-O";
				VALIDATE_PRODUCT = YES;
			};
			name = Release;
		};
		976B72E7241A027100747584 /* Debug */ = {
			isa = XCBuildConfiguration;
			buildSettings = {
				ASSETCATALOG_COMPILER_APPICON_NAME = AppIcon;
				CODE_SIGN_STYLE = Automatic;
				DEVELOPMENT_TEAM = L5N6T4GFYK;
				INFOPLIST_FILE = PhotosApp/Info.plist;
				LD_RUNPATH_SEARCH_PATHS = (
					"$(inherited)",
					"@executable_path/Frameworks",
				);
				PRODUCT_BUNDLE_IDENTIFIER = karankarthic.PhotosApp;
				PRODUCT_NAME = "$(TARGET_NAME)";
				SWIFT_VERSION = 5.0;
				TARGETED_DEVICE_FAMILY = "1,2";
			};
			name = Debug;
		};
		976B72E8241A027100747584 /* Release */ = {
			isa = XCBuildConfiguration;
			buildSettings = {
				ASSETCATALOG_COMPILER_APPICON_NAME = AppIcon;
				CODE_SIGN_STYLE = Automatic;
				DEVELOPMENT_TEAM = L5N6T4GFYK;
				INFOPLIST_FILE = PhotosApp/Info.plist;
				LD_RUNPATH_SEARCH_PATHS = (
					"$(inherited)",
					"@executable_path/Frameworks",
				);
				PRODUCT_BUNDLE_IDENTIFIER = karankarthic.PhotosApp;
				PRODUCT_NAME = "$(TARGET_NAME)";
				SWIFT_VERSION = 5.0;
				TARGETED_DEVICE_FAMILY = "1,2";
			};
			name = Release;
		};
/* End XCBuildConfiguration section */

/* Begin XCConfigurationList section */
		976B72CD241A026F00747584 /* Build configuration list for PBXProject "PhotosApp" */ = {
			isa = XCConfigurationList;
			buildConfigurations = (
				976B72E4241A027100747584 /* Debug */,
				976B72E5241A027100747584 /* Release */,
			);
			defaultConfigurationIsVisible = 0;
			defaultConfigurationName = Release;
		};
		976B72E6241A027100747584 /* Build configuration list for PBXNativeTarget "PhotosApp" */ = {
			isa = XCConfigurationList;
			buildConfigurations = (
				976B72E7241A027100747584 /* Debug */,
				976B72E8241A027100747584 /* Release */,
			);
			defaultConfigurationIsVisible = 0;
			defaultConfigurationName = Release;
		};
/* End XCConfigurationList section */
	};
	rootObject = 976B72CA241A026F00747584 /* Project object */;
}
